
Microsoft Visual Studio Solution File, Format Version 12.00
# Visual Studio Version 16
VisualStudioVersion = 16.0.28714.193
MinimumVisualStudioVersion = 10.0.40219.1
Project("{9A19103F-16F7-4668-BE54-9A1E7A4F7556}") = "EcommercePayment", "EcommercePayment\EcommercePayment.csproj", "{7D8B32A8-8655-4363-AE47-0AA3AAD10931}"
EndProject
Project("{9A19103F-16F7-4668-BE54-9A1E7A4F7556}") = "EcommercePaymentData", "EcommercePaymentData\EcommercePaymentData.csproj", "{79E11E0D-C128-42ED-8379-A7780A1760AF}"
EndProject
Project("{FAE04EC0-301F-11D3-BF4B-00C04F79EFBC}") = "EcommercePaymentAPI", "EcommercePaymentAPI\EcommercePaymentAPI.csproj", "{2A643477-6B8D-40BD-B90E-14EC58C423CE}"
EndProject
Global
	GlobalSection(SolutionConfigurationPlatforms) = preSolution
		Debug|Any CPU = Debug|Any CPU
		Release|Any CPU = Release|Any CPU
	EndGlobalSection
	GlobalSection(ProjectConfigurationPlatforms) = postSolution
		{7D8B32A8-8655-4363-AE47-0AA3AAD10931}.Debug|Any CPU.ActiveCfg = Debug|Any CPU
		{7D8B32A8-8655-4363-AE47-0AA3AAD10931}.Debug|Any CPU.Build.0 = Debug|Any CPU
		{7D8B32A8-8655-4363-AE47-0AA3AAD10931}.Release|Any CPU.ActiveCfg = Release|Any CPU
		{7D8B32A8-8655-4363-AE47-0AA3AAD10931}.Release|Any CPU.Build.0 = Release|Any CPU
		{79E11E0D-C128-42ED-8379-A7780A1760AF}.Debug|Any CPU.ActiveCfg = Debug|Any CPU
		{79E11E0D-C128-42ED-8379-A7780A1760AF}.Debug|Any CPU.Build.0 = Debug|Any CPU
		{79E11E0D-C128-42ED-8379-A7780A1760AF}.Release|Any CPU.ActiveCfg = Release|Any CPU
		{79E11E0D-C128-42ED-8379-A7780A1760AF}.Release|Any CPU.Build.0 = Release|Any CPU
		{2A643477-6B8D-40BD-B90E-14EC58C423CE}.Debug|Any CPU.ActiveCfg = Debug|Any CPU
		{2A643477-6B8D-40BD-B90E-14EC58C423CE}.Debug|Any CPU.Build.0 = Debug|Any CPU
		{2A643477-6B8D-40BD-B90E-14EC58C423CE}.Release|Any CPU.ActiveCfg = Release|Any CPU
		{2A643477-6B8D-40BD-B90E-14EC58C423CE}.Release|Any CPU.Build.0 = Release|Any CPU
	EndGlobalSection
	GlobalSection(SolutionProperties) = preSolution
		HideSolutionNode = FALSE
	EndGlobalSection
	GlobalSection(ExtensibilityGlobals) = postSolution
		SolutionGuid = {0DC04B4A-5A1D-4035-8BB9-52645E750766}
	EndGlobalSection
EndGlobal
